{
  "name": "qhnpm",
  "version": "1.0.0",
  "lockfileVersion": 3,
  "requires": true,
  "packages": {
    "": {
      "name": "qhnpm",
      "version": "1.0.0",
      "license": "ISC",
      "dependencies": {
        "qhnpm": "^1.0.0"
      }
    },
    "node_modules/qhnpm": {
      "version": "1.0.0",
      "resolved": "https://registry.npmjs.org/qhnpm/-/qhnpm-1.0.0.tgz",
      "integrity": "sha512-ps4OxOwknkuc8RocIHzW+zPGmjV5W0+OshQXJqXe59zFJCZXyqkAPKtL0XQ8TmeiKibv5FPw/geyfe1EoTJGKA=="
    }
  }
}
